
Microsoft Visual Studio Solution File, Format Version 12.00
# Visual Studio Version 17
VisualStudioVersion = 17.0.31912.275
MinimumVisualStudioVersion = 10.0.40219.1
Project("{9A19103F-16F7-4668-BE54-9A1E7A4F7556}") = "TwoSum", "TwoSum\TwoSum.csproj", "{6C54D01D-7DB3-455C-9342-F9BDF7F74D26}"
EndProject
Project("{9A19103F-16F7-4668-BE54-9A1E7A4F7556}") = "ValidPalindrome", "ValidPalindrome\ValidPalindrome.csproj", "{84590771-5026-4307-9B1B-EC495E5D4D96}"
EndProject
Project("{9A19103F-16F7-4668-BE54-9A1E7A4F7556}") = "StringToInteger", "StringToInteger\StringToInteger.csproj", "{6D8FACA7-96C0-4222-A340-F58D56800023}"
EndProject
Project("{9A19103F-16F7-4668-BE54-9A1E7A4F7556}") = "ReverseString", "ReverseString\ReverseString.csproj", "{973A558C-BCDE-4B47-909C-70FC055FAC21}"
EndProject
Project("{9A19103F-16F7-4668-BE54-9A1E7A4F7556}") = "ReverseWordsInString", "ReverseWordsInString\ReverseWordsInString.csproj", "{E948B7BC-702B-4B35-8854-145C1484A2AB}"
EndProject
Project("{9A19103F-16F7-4668-BE54-9A1E7A4F7556}") = "ReverseWordsInAString2", "ReverseWordsInAString2\ReverseWordsInAString2.csproj", "{AAB32E59-9B09-4C04-A931-796937081539}"
EndProject
Project("{9A19103F-16F7-4668-BE54-9A1E7A4F7556}") = "ValidParenthesis", "ValidParenthesis\ValidParenthesis.csproj", "{2B6F7DF6-CBAA-48BE-B583-8E6EC2CCD6E1}"
EndProject
Project("{9A19103F-16F7-4668-BE54-9A1E7A4F7556}") = "LongestPalindromicSubstring", "LongestPalindromicSubstring\LongestPalindromicSubstring.csproj", "{25583D96-F962-4F6D-84B5-E5E9C85C4B2B}"
EndProject
Project("{9A19103F-16F7-4668-BE54-9A1E7A4F7556}") = "GroupAnagrams", "GroupAnagrams\GroupAnagrams.csproj", "{C6FB3ADE-2491-4BBD-8A27-BAC30D57F141}"
EndProject
Project("{9A19103F-16F7-4668-BE54-9A1E7A4F7556}") = "Trapping Rain Water", "Trapping Rain Water\Trapping Rain Water.csproj", "{C3075379-5120-4012-A4C0-49E6E062AC26}"
EndProject
Project("{9A19103F-16F7-4668-BE54-9A1E7A4F7556}") = "SetMatrixToZeroes", "SetMatrixToZeroes\SetMatrixToZeroes.csproj", "{DAD6AD16-4318-4328-9537-52F7E64F1A77}"
EndProject
Project("{FAE04EC0-301F-11D3-BF4B-00C04F79EFBC}") = "Single Number", "Single Number\Single Number.csproj", "{7F7E530E-2C07-4723-BB1C-AA37101FA4BF}"
EndProject
Global
	GlobalSection(SolutionConfigurationPlatforms) = preSolution
		Debug|Any CPU = Debug|Any CPU
		Release|Any CPU = Release|Any CPU
	EndGlobalSection
	GlobalSection(ProjectConfigurationPlatforms) = postSolution
		{6C54D01D-7DB3-455C-9342-F9BDF7F74D26}.Debug|Any CPU.ActiveCfg = Debug|Any CPU
		{6C54D01D-7DB3-455C-9342-F9BDF7F74D26}.Debug|Any CPU.Build.0 = Debug|Any CPU
		{6C54D01D-7DB3-455C-9342-F9BDF7F74D26}.Release|Any CPU.ActiveCfg = Release|Any CPU
		{6C54D01D-7DB3-455C-9342-F9BDF7F74D26}.Release|Any CPU.Build.0 = Release|Any CPU
		{84590771-5026-4307-9B1B-EC495E5D4D96}.Debug|Any CPU.ActiveCfg = Debug|Any CPU
		{84590771-5026-4307-9B1B-EC495E5D4D96}.Debug|Any CPU.Build.0 = Debug|Any CPU
		{84590771-5026-4307-9B1B-EC495E5D4D96}.Release|Any CPU.ActiveCfg = Release|Any CPU
		{84590771-5026-4307-9B1B-EC495E5D4D96}.Release|Any CPU.Build.0 = Release|Any CPU
		{6D8FACA7-96C0-4222-A340-F58D56800023}.Debug|Any CPU.ActiveCfg = Debug|Any CPU
		{6D8FACA7-96C0-4222-A340-F58D56800023}.Debug|Any CPU.Build.0 = Debug|Any CPU
		{6D8FACA7-96C0-4222-A340-F58D56800023}.Release|Any CPU.ActiveCfg = Release|Any CPU
		{6D8FACA7-96C0-4222-A340-F58D56800023}.Release|Any CPU.Build.0 = Release|Any CPU
		{973A558C-BCDE-4B47-909C-70FC055FAC21}.Debug|Any CPU.ActiveCfg = Debug|Any CPU
		{973A558C-BCDE-4B47-909C-70FC055FAC21}.Debug|Any CPU.Build.0 = Debug|Any CPU
		{973A558C-BCDE-4B47-909C-70FC055FAC21}.Release|Any CPU.ActiveCfg = Release|Any CPU
		{973A558C-BCDE-4B47-909C-70FC055FAC21}.Release|Any CPU.Build.0 = Release|Any CPU
		{E948B7BC-702B-4B35-8854-145C1484A2AB}.Debug|Any CPU.ActiveCfg = Debug|Any CPU
		{E948B7BC-702B-4B35-8854-145C1484A2AB}.Debug|Any CPU.Build.0 = Debug|Any CPU
		{E948B7BC-702B-4B35-8854-145C1484A2AB}.Release|Any CPU.ActiveCfg = Release|Any CPU
		{E948B7BC-702B-4B35-8854-145C1484A2AB}.Release|Any CPU.Build.0 = Release|Any CPU
		{AAB32E59-9B09-4C04-A931-796937081539}.Debug|Any CPU.ActiveCfg = Debug|Any CPU
		{AAB32E59-9B09-4C04-A931-796937081539}.Debug|Any CPU.Build.0 = Debug|Any CPU
		{AAB32E59-9B09-4C04-A931-796937081539}.Release|Any CPU.ActiveCfg = Release|Any CPU
		{AAB32E59-9B09-4C04-A931-796937081539}.Release|Any CPU.Build.0 = Release|Any CPU
		{2B6F7DF6-CBAA-48BE-B583-8E6EC2CCD6E1}.Debug|Any CPU.ActiveCfg = Debug|Any CPU
		{2B6F7DF6-CBAA-48BE-B583-8E6EC2CCD6E1}.Debug|Any CPU.Build.0 = Debug|Any CPU
		{2B6F7DF6-CBAA-48BE-B583-8E6EC2CCD6E1}.Release|Any CPU.ActiveCfg = Release|Any CPU
		{2B6F7DF6-CBAA-48BE-B583-8E6EC2CCD6E1}.Release|Any CPU.Build.0 = Release|Any CPU
		{25583D96-F962-4F6D-84B5-E5E9C85C4B2B}.Debug|Any CPU.ActiveCfg = Debug|Any CPU
		{25583D96-F962-4F6D-84B5-E5E9C85C4B2B}.Debug|Any CPU.Build.0 = Debug|Any CPU
		{25583D96-F962-4F6D-84B5-E5E9C85C4B2B}.Release|Any CPU.ActiveCfg = Release|Any CPU
		{25583D96-F962-4F6D-84B5-E5E9C85C4B2B}.Release|Any CPU.Build.0 = Release|Any CPU
		{C6FB3ADE-2491-4BBD-8A27-BAC30D57F141}.Debug|Any CPU.ActiveCfg = Debug|Any CPU
		{C6FB3ADE-2491-4BBD-8A27-BAC30D57F141}.Debug|Any CPU.Build.0 = Debug|Any CPU
		{C6FB3ADE-2491-4BBD-8A27-BAC30D57F141}.Release|Any CPU.ActiveCfg = Release|Any CPU
		{C6FB3ADE-2491-4BBD-8A27-BAC30D57F141}.Release|Any CPU.Build.0 = Release|Any CPU
		{C3075379-5120-4012-A4C0-49E6E062AC26}.Debug|Any CPU.ActiveCfg = Debug|Any CPU
		{C3075379-5120-4012-A4C0-49E6E062AC26}.Debug|Any CPU.Build.0 = Debug|Any CPU
		{C3075379-5120-4012-A4C0-49E6E062AC26}.Release|Any CPU.ActiveCfg = Release|Any CPU
		{C3075379-5120-4012-A4C0-49E6E062AC26}.Release|Any CPU.Build.0 = Release|Any CPU
		{DAD6AD16-4318-4328-9537-52F7E64F1A77}.Debug|Any CPU.ActiveCfg = Debug|Any CPU
		{DAD6AD16-4318-4328-9537-52F7E64F1A77}.Debug|Any CPU.Build.0 = Debug|Any CPU
		{DAD6AD16-4318-4328-9537-52F7E64F1A77}.Release|Any CPU.ActiveCfg = Release|Any CPU
		{DAD6AD16-4318-4328-9537-52F7E64F1A77}.Release|Any CPU.Build.0 = Release|Any CPU
		{7F7E530E-2C07-4723-BB1C-AA37101FA4BF}.Debug|Any CPU.ActiveCfg = Debug|Any CPU
		{7F7E530E-2C07-4723-BB1C-AA37101FA4BF}.Debug|Any CPU.Build.0 = Debug|Any CPU
		{7F7E530E-2C07-4723-BB1C-AA37101FA4BF}.Release|Any CPU.ActiveCfg = Release|Any CPU
		{7F7E530E-2C07-4723-BB1C-AA37101FA4BF}.Release|Any CPU.Build.0 = Release|Any CPU
	EndGlobalSection
	GlobalSection(SolutionProperties) = preSolution
		HideSolutionNode = FALSE
	EndGlobalSection
	GlobalSection(ExtensibilityGlobals) = postSolution
		SolutionGuid = {F3B44077-57FD-40EA-BDE3-5253458E05C4}
	EndGlobalSection
EndGlobal
